// !$*UTF8*$!
{
	archiveVersion = 1;
	classes = {
	};
	objectVersion = 46;
	objects = {

/* Begin PBXBuildFile section */
		B74508E5189F57D2005DE9FF /* WishList.plist in Resources */ = {isa = PBXBuildFile; fileRef = B74508E4189F57D2005DE9FF /* WishList.plist */; };
		B790EC0D18A8A8A900DF61F9 /* AsyncImageView.m in Sources */ = {isa = PBXBuildFile; fileRef = B790EC0C18A8A8A900DF61F9 /* AsyncImageView.m */; };
		B790EC1118A8AB0D00DF61F9 /* StandardPaths.m in Sources */ = {isa = PBXBuildFile; fileRef = B790EC1018A8AB0D00DF61F9 /* StandardPaths.m */; };
		B790EC1518A8AE9100DF61F9 /* RequestQueue.m in Sources */ = {isa = PBXBuildFile; fileRef = B790EC1418A8AE9100DF61F9 /* RequestQueue.m */; };
		B793C5D61891248C002FD7A1 /* ASSearchHeaderView.m in Sources */ = {isa = PBXBuildFile; fileRef = B793C5D51891248C002FD7A1 /* ASSearchHeaderView.m */; };
		B79636BD1898CF670050F1C1 /* ASWishListTableViewController.m in Sources */ = {isa = PBXBuildFile; fileRef = B79636BC1898CF670050F1C1 /* ASWishListTableViewController.m */; };
		B79636C01898D5710050F1C1 /* ASWishListTableViewCell.m in Sources */ = {isa = PBXBuildFile; fileRef = B79636BF1898D5710050F1C1 /* ASWishListTableViewCell.m */; };
		B79906F518A215D0008B6491 /* ASTopFreeAppsTests.m in Sources */ = {isa = PBXBuildFile; fileRef = B79906F418A215D0008B6491 /* ASTopFreeAppsTests.m */; };
		B79906F718A21626008B6491 /* ASTopFreeAppsFeed.json in Resources */ = {isa = PBXBuildFile; fileRef = B79906F618A21626008B6491 /* ASTopFreeAppsFeed.json */; };
		B79906F818A21626008B6491 /* ASTopFreeAppsFeed.json in Resources */ = {isa = PBXBuildFile; fileRef = B79906F618A21626008B6491 /* ASTopFreeAppsFeed.json */; };
		B79906FA18A21740008B6491 /* ASTopPaidAppsTests.m in Sources */ = {isa = PBXBuildFile; fileRef = B79906F918A21740008B6491 /* ASTopPaidAppsTests.m */; };
		B79906FC18A21788008B6491 /* ASTopPaidAppsFeed.json in Resources */ = {isa = PBXBuildFile; fileRef = B79906FB18A21788008B6491 /* ASTopPaidAppsFeed.json */; };
		B79C69FD189766C30064BBE9 /* ASPopUpView.m in Sources */ = {isa = PBXBuildFile; fileRef = B79C69FC189766C30064BBE9 /* ASPopUpView.m */; };
		B79C69FF189766E10064BBE9 /* ASPopUpView_iPhone.xib in Resources */ = {isa = PBXBuildFile; fileRef = B79C69FE189766E10064BBE9 /* ASPopUpView_iPhone.xib */; };
		B79C6A071897B4AE0064BBE9 /* cart.png in Resources */ = {isa = PBXBuildFile; fileRef = B79C6A061897B4AE0064BBE9 /* cart.png */; };
		B79C6A091897BC960064BBE9 /* ASPopUpView_iPad.xib in Resources */ = {isa = PBXBuildFile; fileRef = B79C6A081897BC960064BBE9 /* ASPopUpView_iPad.xib */; };
		B7A04329189B7E0C004A41EB /* Icon.png in Resources */ = {isa = PBXBuildFile; fileRef = B7A04328189B7E0C004A41EB /* Icon.png */; };
		B7A04A261894BDFB00DD0EFE /* ASConstants.m in Sources */ = {isa = PBXBuildFile; fileRef = B7A04A251894BDFB00DD0EFE /* ASConstants.m */; };
		B7A04A301894D19500DD0EFE /* close.png in Resources */ = {isa = PBXBuildFile; fileRef = B7A04A2F1894D19500DD0EFE /* close.png */; };
		B7A4D22C188FC00A00FD0941 /* Foundation.framework in Frameworks */ = {isa = PBXBuildFile; fileRef = B7A4D22B188FC00A00FD0941 /* Foundation.framework */; };
		B7A4D22E188FC00A00FD0941 /* CoreGraphics.framework in Frameworks */ = {isa = PBXBuildFile; fileRef = B7A4D22D188FC00A00FD0941 /* CoreGraphics.framework */; };
		B7A4D230188FC00A00FD0941 /* UIKit.framework in Frameworks */ = {isa = PBXBuildFile; fileRef = B7A4D22F188FC00A00FD0941 /* UIKit.framework */; };
		B7A4D236188FC00A00FD0941 /* InfoPlist.strings in Resources */ = {isa = PBXBuildFile; fileRef = B7A4D234188FC00A00FD0941 /* InfoPlist.strings */; };
		B7A4D238188FC00A00FD0941 /* main.m in Sources */ = {isa = PBXBuildFile; fileRef = B7A4D237188FC00A00FD0941 /* main.m */; };
		B7A4D23C188FC00A00FD0941 /* ASAppStoreAppDelegate.m in Sources */ = {isa = PBXBuildFile; fileRef = B7A4D23B188FC00A00FD0941 /* ASAppStoreAppDelegate.m */; };
		B7A4D23F188FC00A00FD0941 /* Main_iPhone.storyboard in Resources */ = {isa = PBXBuildFile; fileRef = B7A4D23D188FC00A00FD0941 /* Main_iPhone.storyboard */; };
		B7A4D242188FC00A00FD0941 /* Main_iPad.storyboard in Resources */ = {isa = PBXBuildFile; fileRef = B7A4D240188FC00A00FD0941 /* Main_iPad.storyboard */; };
		B7A4D247188FC00A00FD0941 /* Images.xcassets in Resources */ = {isa = PBXBuildFile; fileRef = B7A4D246188FC00A00FD0941 /* Images.xcassets */; };
		B7A4D24E188FC00B00FD0941 /* XCTest.framework in Frameworks */ = {isa = PBXBuildFile; fileRef = B7A4D24D188FC00B00FD0941 /* XCTest.framework */; };
		B7A4D24F188FC00B00FD0941 /* Foundation.framework in Frameworks */ = {isa = PBXBuildFile; fileRef = B7A4D22B188FC00A00FD0941 /* Foundation.framework */; };
		B7A4D250188FC00B00FD0941 /* UIKit.framework in Frameworks */ = {isa = PBXBuildFile; fileRef = B7A4D22F188FC00A00FD0941 /* UIKit.framework */; };
		B7A4D258188FC00B00FD0941 /* InfoPlist.strings in Resources */ = {isa = PBXBuildFile; fileRef = B7A4D256188FC00B00FD0941 /* InfoPlist.strings */; };
		B7A4D26E188FC64200FD0941 /* ASAppData.m in Sources */ = {isa = PBXBuildFile; fileRef = B7A4D26D188FC64200FD0941 /* ASAppData.m */; };
		B7A4D275188FF09200FD0941 /* ASTopAppsViewController.m in Sources */ = {isa = PBXBuildFile; fileRef = B7A4D274188FF09200FD0941 /* ASTopAppsViewController.m */; };
		B7A4D278188FF4FD00FD0941 /* ASAppCell.m in Sources */ = {isa = PBXBuildFile; fileRef = B7A4D277188FF4FD00FD0941 /* ASAppCell.m */; };
/* End PBXBuildFile section */

/* Begin PBXContainerItemProxy section */
		B7A4D251188FC00B00FD0941 /* PBXContainerItemProxy */ = {
			isa = PBXContainerItemProxy;
			containerPortal = B7A4D220188FC00A00FD0941 /* Project object */;
			proxyType = 1;
			remoteGlobalIDString = B7A4D227188FC00A00FD0941;
			remoteInfo = "App Store";
		};
/* End PBXContainerItemProxy section */

/* Begin PBXFileReference section */
		B74508E4189F57D2005DE9FF /* WishList.plist */ = {isa = PBXFileReference; fileEncoding = 4; lastKnownFileType = text.plist.xml; path = WishList.plist; sourceTree = "<group>"; };
		B790EC0B18A8A8A900DF61F9 /* AsyncImageView.h */ = {isa = PBXFileReference; fileEncoding = 4; lastKnownFileType = sourcecode.c.h; path = AsyncImageView.h; sourceTree = "<group>"; };
		B790EC0C18A8A8A900DF61F9 /* AsyncImageView.m */ = {isa = PBXFileReference; fileEncoding = 4; lastKnownFileType = sourcecode.c.objc; path = AsyncImageView.m; sourceTree = "<group>"; };
		B790EC0F18A8AB0D00DF61F9 /* StandardPaths.h */ = {isa = PBXFileReference; fileEncoding = 4; lastKnownFileType = sourcecode.c.h; path = StandardPaths.h; sourceTree = "<group>"; };
		B790EC1018A8AB0D00DF61F9 /* StandardPaths.m */ = {isa = PBXFileReference; fileEncoding = 4; lastKnownFileType = sourcecode.c.objc; path = StandardPaths.m; sourceTree = "<group>"; };
		B790EC1318A8AE9100DF61F9 /* RequestQueue.h */ = {isa = PBXFileReference; fileEncoding = 4; lastKnownFileType = sourcecode.c.h; path = RequestQueue.h; sourceTree = "<group>"; };
		B790EC1418A8AE9100DF61F9 /* RequestQueue.m */ = {isa = PBXFileReference; fileEncoding = 4; lastKnownFileType = sourcecode.c.objc; path = RequestQueue.m; sourceTree = "<group>"; };
		B793C5D41891248C002FD7A1 /* ASSearchHeaderView.h */ = {isa = PBXFileReference; fileEncoding = 4; lastKnownFileType = sourcecode.c.h; name = ASSearchHeaderView.h; path = View/ASSearchHeaderView.h; sourceTree = "<group>"; };
		B793C5D51891248C002FD7A1 /* ASSearchHeaderView.m */ = {isa = PBXFileReference; fileEncoding = 4; lastKnownFileType = sourcecode.c.objc; name = ASSearchHeaderView.m; path = View/ASSearchHeaderView.m; sourceTree = "<group>"; };
		B79636BB1898CF670050F1C1 /* ASWishListTableViewController.h */ = {isa = PBXFileReference; fileEncoding = 4; lastKnownFileType = sourcecode.c.h; name = ASWishListTableViewController.h; path = Controller/ASWishListTableViewController.h; sourceTree = "<group>"; };
		B79636BC1898CF670050F1C1 /* ASWishListTableViewController.m */ = {isa = PBXFileReference; fileEncoding = 4; lastKnownFileType = sourcecode.c.objc; name = ASWishListTableViewController.m; path = Controller/ASWishListTableViewController.m; sourceTree = "<group>"; };
		B79636BE1898D5710050F1C1 /* ASWishListTableViewCell.h */ = {isa = PBXFileReference; fileEncoding = 4; lastKnownFileType = sourcecode.c.h; name = ASWishListTableViewCell.h; path = View/ASWishListTableViewCell.h; sourceTree = "<group>"; };
		B79636BF1898D5710050F1C1 /* ASWishListTableViewCell.m */ = {isa = PBXFileReference; fileEncoding = 4; lastKnownFileType = sourcecode.c.objc; name = ASWishListTableViewCell.m; path = View/ASWishListTableViewCell.m; sourceTree = "<group>"; };
		B79906F418A215D0008B6491 /* ASTopFreeAppsTests.m */ = {isa = PBXFileReference; fileEncoding = 4; lastKnownFileType = sourcecode.c.objc; path = ASTopFreeAppsTests.m; sourceTree = "<group>"; };
		B79906F618A21626008B6491 /* ASTopFreeAppsFeed.json */ = {isa = PBXFileReference; fileEncoding = 4; lastKnownFileType = text.json; path = ASTopFreeAppsFeed.json; sourceTree = "<group>"; };
		B79906F918A21740008B6491 /* ASTopPaidAppsTests.m */ = {isa = PBXFileReference; fileEncoding = 4; lastKnownFileType = sourcecode.c.objc; path = ASTopPaidAppsTests.m; sourceTree = "<group>"; };
		B79906FB18A21788008B6491 /* ASTopPaidAppsFeed.json */ = {isa = PBXFileReference; fileEncoding = 4; lastKnownFileType = text.json; path = ASTopPaidAppsFeed.json; sourceTree = "<group>"; };
		B79C69FB189766C30064BBE9 /* ASPopUpView.h */ = {isa = PBXFileReference; fileEncoding = 4; lastKnownFileType = sourcecode.c.h; name = ASPopUpView.h; path = View/ASPopUpView.h; sourceTree = "<group>"; };
		B79C69FC189766C30064BBE9 /* ASPopUpView.m */ = {isa = PBXFileReference; fileEncoding = 4; lastKnownFileType = sourcecode.c.objc; name = ASPopUpView.m; path = View/ASPopUpView.m; sourceTree = "<group>"; };
		B79C69FE189766E10064BBE9 /* ASPopUpView_iPhone.xib */ = {isa = PBXFileReference; fileEncoding = 4; lastKnownFileType = file.xib; name = ASPopUpView_iPhone.xib; path = ../ASPopUpView_iPhone.xib; sourceTree = "<group>"; };
		B79C6A061897B4AE0064BBE9 /* cart.png */ = {isa = PBXFileReference; lastKnownFileType = image.png; path = cart.png; sourceTree = "<group>"; };
		B79C6A081897BC960064BBE9 /* ASPopUpView_iPad.xib */ = {isa = PBXFileReference; fileEncoding = 4; lastKnownFileType = file.xib; path = ASPopUpView_iPad.xib; sourceTree = "<group>"; };
		B7A04328189B7E0C004A41EB /* Icon.png */ = {isa = PBXFileReference; lastKnownFileType = image.png; path = Icon.png; sourceTree = "<group>"; };
		B7A04A241894BDFB00DD0EFE /* ASConstants.h */ = {isa = PBXFileReference; fileEncoding = 4; lastKnownFileType = sourcecode.c.h; path = ASConstants.h; sourceTree = "<group>"; };
		B7A04A251894BDFB00DD0EFE /* ASConstants.m */ = {isa = PBXFileReference; fileEncoding = 4; lastKnownFileType = sourcecode.c.objc; path = ASConstants.m; sourceTree = "<group>"; };
		B7A04A2F1894D19500DD0EFE /* close.png */ = {isa = PBXFileReference; lastKnownFileType = image.png; path = close.png; sourceTree = "<group>"; };
		B7A4D228188FC00A00FD0941 /* App Store.app */ = {isa = PBXFileReference; explicitFileType = wrapper.application; includeInIndex = 0; path = "App Store.app"; sourceTree = BUILT_PRODUCTS_DIR; };
		B7A4D22B188FC00A00FD0941 /* Foundation.framework */ = {isa = PBXFileReference; lastKnownFileType = wrapper.framework; name = Foundation.framework; path = System/Library/Frameworks/Foundation.framework; sourceTree = SDKROOT; };
		B7A4D22D188FC00A00FD0941 /* CoreGraphics.framework */ = {isa = PBXFileReference; lastKnownFileType = wrapper.framework; name = CoreGraphics.framework; path = System/Library/Frameworks/CoreGraphics.framework; sourceTree = SDKROOT; };
		B7A4D22F188FC00A00FD0941 /* UIKit.framework */ = {isa = PBXFileReference; lastKnownFileType = wrapper.framework; name = UIKit.framework; path = System/Library/Frameworks/UIKit.framework; sourceTree = SDKROOT; };
		B7A4D233188FC00A00FD0941 /* App Store-Info.plist */ = {isa = PBXFileReference; lastKnownFileType = text.plist.xml; path = "App Store-Info.plist"; sourceTree = "<group>"; };
		B7A4D235188FC00A00FD0941 /* en */ = {isa = PBXFileReference; lastKnownFileType = text.plist.strings; name = en; path = en.lproj/InfoPlist.strings; sourceTree = "<group>"; };
		B7A4D237188FC00A00FD0941 /* main.m */ = {isa = PBXFileReference; lastKnownFileType = sourcecode.c.objc; path = main.m; sourceTree = "<group>"; };
		B7A4D239188FC00A00FD0941 /* App Store-Prefix.pch */ = {isa = PBXFileReference; lastKnownFileType = sourcecode.c.h; path = "App Store-Prefix.pch"; sourceTree = "<group>"; };
		B7A4D23A188FC00A00FD0941 /* ASAppStoreAppDelegate.h */ = {isa = PBXFileReference; lastKnownFileType = sourcecode.c.h; path = ASAppStoreAppDelegate.h; sourceTree = "<group>"; };
		B7A4D23B188FC00A00FD0941 /* ASAppStoreAppDelegate.m */ = {isa = PBXFileReference; lastKnownFileType = sourcecode.c.objc; path = ASAppStoreAppDelegate.m; sourceTree = "<group>"; };
		B7A4D23E188FC00A00FD0941 /* Base */ = {isa = PBXFileReference; lastKnownFileType = file.storyboard; name = Base; path = Base.lproj/Main_iPhone.storyboard; sourceTree = "<group>"; };
		B7A4D241188FC00A00FD0941 /* Base */ = {isa = PBXFileReference; lastKnownFileType = file.storyboard; name = Base; path = Base.lproj/Main_iPad.storyboard; sourceTree = "<group>"; };
		B7A4D246188FC00A00FD0941 /* Images.xcassets */ = {isa = PBXFileReference; lastKnownFileType = folder.assetcatalog; path = Images.xcassets; sourceTree = "<group>"; };
		B7A4D24C188FC00B00FD0941 /* App StoreTests.xctest */ = {isa = PBXFileReference; explicitFileType = wrapper.cfbundle; includeInIndex = 0; path = "App StoreTests.xctest"; sourceTree = BUILT_PRODUCTS_DIR; };
		B7A4D24D188FC00B00FD0941 /* XCTest.framework */ = {isa = PBXFileReference; lastKnownFileType = wrapper.framework; name = XCTest.framework; path = Library/Frameworks/XCTest.framework; sourceTree = DEVELOPER_DIR; };
		B7A4D255188FC00B00FD0941 /* App StoreTests-Info.plist */ = {isa = PBXFileReference; lastKnownFileType = text.plist.xml; path = "App StoreTests-Info.plist"; sourceTree = "<group>"; };
		B7A4D257188FC00B00FD0941 /* en */ = {isa = PBXFileReference; lastKnownFileType = text.plist.strings; name = en; path = en.lproj/InfoPlist.strings; sourceTree = "<group>"; };
		B7A4D26C188FC64200FD0941 /* ASAppData.h */ = {isa = PBXFileReference; fileEncoding = 4; lastKnownFileType = sourcecode.c.h; name = ASAppData.h; path = "Model/App Data/ASAppData.h"; sourceTree = "<group>"; };
		B7A4D26D188FC64200FD0941 /* ASAppData.m */ = {isa = PBXFileReference; fileEncoding = 4; lastKnownFileType = sourcecode.c.objc; name = ASAppData.m; path = "Model/App Data/ASAppData.m"; sourceTree = "<group>"; };
		B7A4D273188FF09200FD0941 /* ASTopAppsViewController.h */ = {isa = PBXFileReference; fileEncoding = 4; lastKnownFileType = sourcecode.c.h; name = ASTopAppsViewController.h; path = Controller/ASTopAppsViewController.h; sourceTree = "<group>"; };
		B7A4D274188FF09200FD0941 /* ASTopAppsViewController.m */ = {isa = PBXFileReference; fileEncoding = 4; lastKnownFileType = sourcecode.c.objc; name = ASTopAppsViewController.m; path = Controller/ASTopAppsViewController.m; sourceTree = "<group>"; };
		B7A4D276188FF4FD00FD0941 /* ASAppCell.h */ = {isa = PBXFileReference; fileEncoding = 4; lastKnownFileType = sourcecode.c.h; path = ASAppCell.h; sourceTree = "<group>"; };
		B7A4D277188FF4FD00FD0941 /* ASAppCell.m */ = {isa = PBXFileReference; fileEncoding = 4; lastKnownFileType = sourcecode.c.objc; path = ASAppCell.m; sourceTree = "<group>"; };
/* End PBXFileReference section */

/* Begin PBXFrameworksBuildPhase section */
		B7A4D225188FC00A00FD0941 /* Frameworks */ = {
			isa = PBXFrameworksBuildPhase;
			buildActionMask = 2147483647;
			files = (
				B7A4D22E188FC00A00FD0941 /* CoreGraphics.framework in Frameworks */,
				B7A4D230188FC00A00FD0941 /* UIKit.framework in Frameworks */,
				B7A4D22C188FC00A00FD0941 /* Foundation.framework in Frameworks */,
			);
			runOnlyForDeploymentPostprocessing = 0;
		};
		B7A4D249188FC00B00FD0941 /* Frameworks */ = {
			isa = PBXFrameworksBuildPhase;
			buildActionMask = 2147483647;
			files = (
				B7A4D24E188FC00B00FD0941 /* XCTest.framework in Frameworks */,
				B7A4D250188FC00B00FD0941 /* UIKit.framework in Frameworks */,
				B7A4D24F188FC00B00FD0941 /* Foundation.framework in Frameworks */,
			);
			runOnlyForDeploymentPostprocessing = 0;
		};
/* End PBXFrameworksBuildPhase section */

/* Begin PBXGroup section */
		B790EC0A18A8A8A900DF61F9 /* AsyncImageView */ = {
			isa = PBXGroup;
			children = (
				B790EC0B18A8A8A900DF61F9 /* AsyncImageView.h */,
				B790EC0C18A8A8A900DF61F9 /* AsyncImageView.m */,
			);
			path = AsyncImageView;
			sourceTree = "<group>";
		};
		B790EC0E18A8AB0D00DF61F9 /* StandardPaths */ = {
			isa = PBXGroup;
			children = (
				B790EC0F18A8AB0D00DF61F9 /* StandardPaths.h */,
				B790EC1018A8AB0D00DF61F9 /* StandardPaths.m */,
			);
			path = StandardPaths;
			sourceTree = "<group>";
		};
		B790EC1218A8AE9100DF61F9 /* RequestQueue */ = {
			isa = PBXGroup;
			children = (
				B790EC1318A8AE9100DF61F9 /* RequestQueue.h */,
				B790EC1418A8AE9100DF61F9 /* RequestQueue.m */,
			);
			path = RequestQueue;
			sourceTree = "<group>";
		};
		B7A0431E189B5D57004A41EB /* App Cell */ = {
			isa = PBXGroup;
			children = (
				B7A4D276188FF4FD00FD0941 /* ASAppCell.h */,
				B7A4D277188FF4FD00FD0941 /* ASAppCell.m */,
			);
			name = "App Cell";
			sourceTree = "<group>";
		};
		B7A0431F189B5D63004A41EB /* Search Header View */ = {
			isa = PBXGroup;
			children = (
				B793C5D41891248C002FD7A1 /* ASSearchHeaderView.h */,
				B793C5D51891248C002FD7A1 /* ASSearchHeaderView.m */,
			);
			name = "Search Header View";
			sourceTree = "<group>";
		};
		B7A04320189B5D77004A41EB /* PopUp View */ = {
			isa = PBXGroup;
			children = (
				B79C69FB189766C30064BBE9 /* ASPopUpView.h */,
				B79C69FC189766C30064BBE9 /* ASPopUpView.m */,
			);
			name = "PopUp View";
			sourceTree = "<group>";
		};
		B7A04321189B5D83004A41EB /* WishList TableView Cell */ = {
			isa = PBXGroup;
			children = (
				B79636BE1898D5710050F1C1 /* ASWishListTableViewCell.h */,
				B79636BF1898D5710050F1C1 /* ASWishListTableViewCell.m */,
			);
			name = "WishList TableView Cell";
			sourceTree = "<group>";
		};
		B7A04322189B5DD8004A41EB /* TopApps View Controller */ = {
			isa = PBXGroup;
			children = (
				B7A4D273188FF09200FD0941 /* ASTopAppsViewController.h */,
				B7A4D274188FF09200FD0941 /* ASTopAppsViewController.m */,
			);
			name = "TopApps View Controller";
			sourceTree = "<group>";
		};
		B7A04323189B5DEC004A41EB /* WishList TableView Controller */ = {
			isa = PBXGroup;
			children = (
				B79636BB1898CF670050F1C1 /* ASWishListTableViewController.h */,
				B79636BC1898CF670050F1C1 /* ASWishListTableViewController.m */,
			);
			name = "WishList TableView Controller";
			sourceTree = "<group>";
		};
		B7A04A2C1894D0F300DD0EFE /* Images */ = {
			isa = PBXGroup;
			children = (
				B7A04A2F1894D19500DD0EFE /* close.png */,
				B79C6A061897B4AE0064BBE9 /* cart.png */,
			);
			name = Images;
			sourceTree = "<group>";
		};
		B7A4D21F188FC00A00FD0941 = {
			isa = PBXGroup;
			children = (
				B7A4D231188FC00A00FD0941 /* App Store */,
				B7A4D253188FC00B00FD0941 /* App StoreTests */,
				B7A4D22A188FC00A00FD0941 /* Frameworks */,
				B7A4D229188FC00A00FD0941 /* Products */,
			);
			sourceTree = "<group>";
		};
		B7A4D229188FC00A00FD0941 /* Products */ = {
			isa = PBXGroup;
			children = (
				B7A4D228188FC00A00FD0941 /* App Store.app */,
				B7A4D24C188FC00B00FD0941 /* App StoreTests.xctest */,
			);
			name = Products;
			sourceTree = "<group>";
		};
		B7A4D22A188FC00A00FD0941 /* Frameworks */ = {
			isa = PBXGroup;
			children = (
				B7A4D22B188FC00A00FD0941 /* Foundation.framework */,
				B7A4D22D188FC00A00FD0941 /* CoreGraphics.framework */,
				B7A4D22F188FC00A00FD0941 /* UIKit.framework */,
				B7A4D24D188FC00B00FD0941 /* XCTest.framework */,
			);
			name = Frameworks;
			sourceTree = "<group>";
		};
		B7A4D231188FC00A00FD0941 /* App Store */ = {
			isa = PBXGroup;
			children = (
				B7A4D265188FC0E600FD0941 /* Model */,
				B7A4D279188FFA9200FD0941 /* View */,
				B7A4D26A188FC49200FD0941 /* Controller */,
				B7A4D264188FC0A800FD0941 /* App Delegate */,
				B7A4D263188FC08F00FD0941 /* Storyboard */,
				B7A4D246188FC00A00FD0941 /* Images.xcassets */,
				B7A04328189B7E0C004A41EB /* Icon.png */,
				B7A4D232188FC00A00FD0941 /* Supporting Files */,
			);
			path = "App Store";
			sourceTree = "<group>";
		};
		B7A4D232188FC00A00FD0941 /* Supporting Files */ = {
			isa = PBXGroup;
			children = (
				B7A04A2C1894D0F300DD0EFE /* Images */,
				B7A04A241894BDFB00DD0EFE /* ASConstants.h */,
				B7A04A251894BDFB00DD0EFE /* ASConstants.m */,
				B7A4D233188FC00A00FD0941 /* App Store-Info.plist */,
				B7A4D234188FC00A00FD0941 /* InfoPlist.strings */,
				B7A4D237188FC00A00FD0941 /* main.m */,
				B74508E4189F57D2005DE9FF /* WishList.plist */,
				B7A4D239188FC00A00FD0941 /* App Store-Prefix.pch */,
			);
			name = "Supporting Files";
			sourceTree = "<group>";
		};
		B7A4D253188FC00B00FD0941 /* App StoreTests */ = {
			isa = PBXGroup;
			children = (
				B7A4D254188FC00B00FD0941 /* Supporting Files */,
				B79906F418A215D0008B6491 /* ASTopFreeAppsTests.m */,
				B79906F918A21740008B6491 /* ASTopPaidAppsTests.m */,
			);
			path = "App StoreTests";
			sourceTree = "<group>";
		};
		B7A4D254188FC00B00FD0941 /* Supporting Files */ = {
			isa = PBXGroup;
			children = (
				B7A4D255188FC00B00FD0941 /* App StoreTests-Info.plist */,
				B7A4D256188FC00B00FD0941 /* InfoPlist.strings */,
				B79906FB18A21788008B6491 /* ASTopPaidAppsFeed.json */,
				B79906F618A21626008B6491 /* ASTopFreeAppsFeed.json */,
			);
			name = "Supporting Files";
			sourceTree = "<group>";
		};
		B7A4D263188FC08F00FD0941 /* Storyboard */ = {
			isa = PBXGroup;
			children = (
				B7A4D23D188FC00A00FD0941 /* Main_iPhone.storyboard */,
				B7A4D240188FC00A00FD0941 /* Main_iPad.storyboard */,
			);
			name = Storyboard;
			sourceTree = "<group>";
		};
		B7A4D264188FC0A800FD0941 /* App Delegate */ = {
			isa = PBXGroup;
			children = (
				B7A4D23A188FC00A00FD0941 /* ASAppStoreAppDelegate.h */,
				B7A4D23B188FC00A00FD0941 /* ASAppStoreAppDelegate.m */,
			);
			name = "App Delegate";
			sourceTree = "<group>";
		};
		B7A4D265188FC0E600FD0941 /* Model */ = {
			isa = PBXGroup;
			children = (
				B790EC1218A8AE9100DF61F9 /* RequestQueue */,
				B790EC0E18A8AB0D00DF61F9 /* StandardPaths */,
				B790EC0A18A8A8A900DF61F9 /* AsyncImageView */,
				B7A4D26B188FC60900FD0941 /* App Data */,
			);
			name = Model;
			sourceTree = "<group>";
		};
		B7A4D26A188FC49200FD0941 /* Controller */ = {
			isa = PBXGroup;
			children = (
				B7A04322189B5DD8004A41EB /* TopApps View Controller */,
				B7A04323189B5DEC004A41EB /* WishList TableView Controller */,
			);
			name = Controller;
			sourceTree = "<group>";
		};
		B7A4D26B188FC60900FD0941 /* App Data */ = {
			isa = PBXGroup;
			children = (
				B7A4D26C188FC64200FD0941 /* ASAppData.h */,
				B7A4D26D188FC64200FD0941 /* ASAppData.m */,
			);
			name = "App Data";
			sourceTree = "<group>";
		};
		B7A4D279188FFA9200FD0941 /* View */ = {
			isa = PBXGroup;
			children = (
				B7A0431E189B5D57004A41EB /* App Cell */,
				B7A0431F189B5D63004A41EB /* Search Header View */,
				B7A04320189B5D77004A41EB /* PopUp View */,
				B7A04321189B5D83004A41EB /* WishList TableView Cell */,
				B79C6A081897BC960064BBE9 /* ASPopUpView_iPad.xib */,
				B79C69FE189766E10064BBE9 /* ASPopUpView_iPhone.xib */,
			);
			name = View;
			sourceTree = "<group>";
		};
/* End PBXGroup section */

/* Begin PBXNativeTarget section */
		B7A4D227188FC00A00FD0941 /* App Store */ = {
			isa = PBXNativeTarget;
			buildConfigurationList = B7A4D25D188FC00B00FD0941 /* Build configuration list for PBXNativeTarget "App Store" */;
			buildPhases = (
				B7A4D224188FC00A00FD0941 /* Sources */,
				B7A4D225188FC00A00FD0941 /* Frameworks */,
				B7A4D226188FC00A00FD0941 /* Resources */,
			);
			buildRules = (
			);
			dependencies = (
			);
			name = "App Store";
			productName = "App Store";
			productReference = B7A4D228188FC00A00FD0941 /* App Store.app */;
			productType = "com.apple.product-type.application";
		};
		B7A4D24B188FC00B00FD0941 /* App StoreTests */ = {
			isa = PBXNativeTarget;
			buildConfigurationList = B7A4D260188FC00B00FD0941 /* Build configuration list for PBXNativeTarget "App StoreTests" */;
			buildPhases = (
				B7A4D248188FC00B00FD0941 /* Sources */,
				B7A4D249188FC00B00FD0941 /* Frameworks */,
				B7A4D24A188FC00B00FD0941 /* Resources */,
			);
			buildRules = (
			);
			dependencies = (
				B7A4D252188FC00B00FD0941 /* PBXTargetDependency */,
			);
			name = "App StoreTests";
			productName = "App StoreTests";
			productReference = B7A4D24C188FC00B00FD0941 /* App StoreTests.xctest */;
			productType = "com.apple.product-type.bundle.unit-test";
		};
/* End PBXNativeTarget section */

/* Begin PBXProject section */
		B7A4D220188FC00A00FD0941 /* Project object */ = {
			isa = PBXProject;
			attributes = {
				CLASSPREFIX = AppStore;
				LastUpgradeCheck = 0500;
				ORGANIZATIONNAME = "Vidyalaxmi Shenoy";
				TargetAttributes = {
					B7A4D24B188FC00B00FD0941 = {
						TestTargetID = B7A4D227188FC00A00FD0941;
					};
				};
			};
			buildConfigurationList = B7A4D223188FC00A00FD0941 /* Build configuration list for PBXProject "App Store" */;
			compatibilityVersion = "Xcode 3.2";
			developmentRegion = English;
			hasScannedForEncodings = 0;
			knownRegions = (
				en,
				Base,
			);
			mainGroup = B7A4D21F188FC00A00FD0941;
			productRefGroup = B7A4D229188FC00A00FD0941 /* Products */;
			projectDirPath = "";
			projectRoot = "";
			targets = (
				B7A4D227188FC00A00FD0941 /* App Store */,
				B7A4D24B188FC00B00FD0941 /* App StoreTests */,
			);
		};
/* End PBXProject section */

/* Begin PBXResourcesBuildPhase section */
		B7A4D226188FC00A00FD0941 /* Resources */ = {
			isa = PBXResourcesBuildPhase;
			buildActionMask = 2147483647;
			files = (
				B7A04A301894D19500DD0EFE /* close.png in Resources */,
				B7A4D242188FC00A00FD0941 /* Main_iPad.storyboard in Resources */,
				B7A04329189B7E0C004A41EB /* Icon.png in Resources */,
				B7A4D247188FC00A00FD0941 /* Images.xcassets in Resources */,
				B7A4D23F188FC00A00FD0941 /* Main_iPhone.storyboard in Resources */,
				B74508E5189F57D2005DE9FF /* WishList.plist in Resources */,
				B7A4D236188FC00A00FD0941 /* InfoPlist.strings in Resources */,
				B79C6A091897BC960064BBE9 /* ASPopUpView_iPad.xib in Resources */,
				B79C6A071897B4AE0064BBE9 /* cart.png in Resources */,
				B79906F718A21626008B6491 /* ASTopFreeAppsFeed.json in Resources */,
				B79C69FF189766E10064BBE9 /* ASPopUpView_iPhone.xib in Resources */,
			);
			runOnlyForDeploymentPostprocessing = 0;
		};
		B7A4D24A188FC00B00FD0941 /* Resources */ = {
			isa = PBXResourcesBuildPhase;
			buildActionMask = 2147483647;
			files = (
				B79906FC18A21788008B6491 /* ASTopPaidAppsFeed.json in Resources */,
				B7A4D258188FC00B00FD0941 /* InfoPlist.strings in Resources */,
				B79906F818A21626008B6491 /* ASTopFreeAppsFeed.json in Resources */,
			);
			runOnlyForDeploymentPostprocessing = 0;
		};
/* End PBXResourcesBuildPhase section */

/* Begin PBXSourcesBuildPhase section */
		B7A4D224188FC00A00FD0941 /* Sources */ = {
			isa = PBXSourcesBuildPhase;
			buildActionMask = 2147483647;
			files = (
				B793C5D61891248C002FD7A1 /* ASSearchHeaderView.m in Sources */,
				B7A4D275188FF09200FD0941 /* ASTopAppsViewController.m in Sources */,
				B79C69FD189766C30064BBE9 /* ASPopUpView.m in Sources */,
				B7A4D23C188FC00A00FD0941 /* ASAppStoreAppDelegate.m in Sources */,
				B7A04A261894BDFB00DD0EFE /* ASConstants.m in Sources */,
				B790EC1118A8AB0D00DF61F9 /* StandardPaths.m in Sources */,
				B79636C01898D5710050F1C1 /* ASWishListTableViewCell.m in Sources */,
				B7A4D278188FF4FD00FD0941 /* ASAppCell.m in Sources */,
				B790EC1518A8AE9100DF61F9 /* RequestQueue.m in Sources */,
				B79636BD1898CF670050F1C1 /* ASWishListTableViewController.m in Sources */,
				B7A4D238188FC00A00FD0941 /* main.m in Sources */,
				B790EC0D18A8A8A900DF61F9 /* AsyncImageView.m in Sources */,
				B7A4D26E188FC64200FD0941 /* ASAppData.m in Sources */,
			);
			runOnlyForDeploymentPostprocessing = 0;
		};
		B7A4D248188FC00B00FD0941 /* Sources */ = {
			isa = PBXSourcesBuildPhase;
			buildActionMask = 2147483647;
			files = (
				B79906F518A215D0008B6491 /* ASTopFreeAppsTests.m in Sources */,
				B79906FA18A21740008B6491 /* ASTopPaidAppsTests.m in Sources */,
			);
			runOnlyForDeploymentPostprocessing = 0;
		};
/* End PBXSourcesBuildPhase section */

/* Begin PBXTargetDependency section */
		B7A4D252188FC00B00FD0941 /* PBXTargetDependency */ = {
			isa = PBXTargetDependency;
			target = B7A4D227188FC00A00FD0941 /* App Store */;
			targetProxy = B7A4D251188FC00B00FD0941 /* PBXContainerItemProxy */;
		};
/* End PBXTargetDependency section */

/* Begin PBXVariantGroup section */
		B7A4D234188FC00A00FD0941 /* InfoPlist.strings */ = {
			isa = PBXVariantGroup;
			children = (
				B7A4D235188FC00A00FD0941 /* en */,
			);
			name = InfoPlist.strings;
			sourceTree = "<group>";
		};
		B7A4D23D188FC00A00FD0941 /* Main_iPhone.storyboard */ = {
			isa = PBXVariantGroup;
			children = (
				B7A4D23E188FC00A00FD0941 /* Base */,
			);
			name = Main_iPhone.storyboard;
			sourceTree = "<group>";
		};
		B7A4D240188FC00A00FD0941 /* Main_iPad.storyboard */ = {
			isa = PBXVariantGroup;
			children = (
				B7A4D241188FC00A00FD0941 /* Base */,
			);
			name = Main_iPad.storyboard;
			sourceTree = "<group>";
		};
		B7A4D256188FC00B00FD0941 /* InfoPlist.strings */ = {
			isa = PBXVariantGroup;
			children = (
				B7A4D257188FC00B00FD0941 /* en */,
			);
			name = InfoPlist.strings;
			sourceTree = "<group>";
		};
/* End PBXVariantGroup section */

/* Begin XCBuildConfiguration section */
		B7A4D25B188FC00B00FD0941 /* Debug */ = {
			isa = XCBuildConfiguration;
			buildSettings = {
				ALWAYS_SEARCH_USER_PATHS = NO;
				ARCHS = "$(ARCHS_STANDARD_INCLUDING_64_BIT)";
				CLANG_CXX_LANGUAGE_STANDARD = "gnu++0x";
				CLANG_CXX_LIBRARY = "libc++";
				CLANG_ENABLE_MODULES = YES;
				CLANG_ENABLE_OBJC_ARC = YES;
				CLANG_WARN_BOOL_CONVERSION = YES;
				CLANG_WARN_CONSTANT_CONVERSION = YES;
				CLANG_WARN_DIRECT_OBJC_ISA_USAGE = YES_ERROR;
				CLANG_WARN_EMPTY_BODY = YES;
				CLANG_WARN_ENUM_CONVERSION = YES;
				CLANG_WARN_INT_CONVERSION = YES;
				CLANG_WARN_OBJC_ROOT_CLASS = YES_ERROR;
				CLANG_WARN__DUPLICATE_METHOD_MATCH = YES;
				"CODE_SIGN_IDENTITY[sdk=iphoneos*]" = "iPhone Developer";
				COPY_PHASE_STRIP = NO;
				GCC_C_LANGUAGE_STANDARD = gnu99;
				GCC_DYNAMIC_NO_PIC = NO;
				GCC_OPTIMIZATION_LEVEL = 0;
				GCC_PREPROCESSOR_DEFINITIONS = (
					"DEBUG=1",
					"$(inherited)",
				);
				GCC_SYMBOLS_PRIVATE_EXTERN = NO;
				GCC_WARN_64_TO_32_BIT_CONVERSION = YES;
				GCC_WARN_ABOUT_RETURN_TYPE = YES_ERROR;
				GCC_WARN_UNDECLARED_SELECTOR = YES;
				GCC_WARN_UNINITIALIZED_AUTOS = YES;
				GCC_WARN_UNUSED_FUNCTION = YES;
				GCC_WARN_UNUSED_VARIABLE = YES;
				IPHONEOS_DEPLOYMENT_TARGET = 7.0;
				ONLY_ACTIVE_ARCH = YES;
				SDKROOT = iphoneos;
				TARGETED_DEVICE_FAMILY = "1,2";
			};
			name = Debug;
		};
		B7A4D25C188FC00B00FD0941 /* Release */ = {
			isa = XCBuildConfiguration;
			buildSettings = {
				ALWAYS_SEARCH_USER_PATHS = NO;
				ARCHS = "$(ARCHS_STANDARD_INCLUDING_64_BIT)";
				CLANG_CXX_LANGUAGE_STANDARD = "gnu++0x";
				CLANG_CXX_LIBRARY = "libc++";
				CLANG_ENABLE_MODULES = YES;
				CLANG_ENABLE_OBJC_ARC = YES;
				CLANG_WARN_BOOL_CONVERSION = YES;
				CLANG_WARN_CONSTANT_CONVERSION = YES;
				CLANG_WARN_DIRECT_OBJC_ISA_USAGE = YES_ERROR;
				CLANG_WARN_EMPTY_BODY = YES;
				CLANG_WARN_ENUM_CONVERSION = YES;
				CLANG_WARN_INT_CONVERSION = YES;
				CLANG_WARN_OBJC_ROOT_CLASS = YES_ERROR;
				CLANG_WARN__DUPLICATE_METHOD_MATCH = YES;
				"CODE_SIGN_IDENTITY[sdk=iphoneos*]" = "iPhone Developer";
				COPY_PHASE_STRIP = YES;
				ENABLE_NS_ASSERTIONS = NO;
				GCC_C_LANGUAGE_STANDARD = gnu99;
				GCC_WARN_64_TO_32_BIT_CONVERSION = YES;
				GCC_WARN_ABOUT_RETURN_TYPE = YES_ERROR;
				GCC_WARN_UNDECLARED_SELECTOR = YES;
				GCC_WARN_UNINITIALIZED_AUTOS = YES;
				GCC_WARN_UNUSED_FUNCTION = YES;
				GCC_WARN_UNUSED_VARIABLE = YES;
				IPHONEOS_DEPLOYMENT_TARGET = 7.0;
				SDKROOT = iphoneos;
				TARGETED_DEVICE_FAMILY = "1,2";
				VALIDATE_PRODUCT = YES;
			};
			name = Release;
		};
		B7A4D25E188FC00B00FD0941 /* Debug */ = {
			isa = XCBuildConfiguration;
			buildSettings = {
				ASSETCATALOG_COMPILER_APPICON_NAME = AppIcon;
				ASSETCATALOG_COMPILER_LAUNCHIMAGE_NAME = LaunchImage;
				"CODE_SIGN_IDENTITY[sdk=iphoneos*]" = "iPhone Developer: Ramachandra Acharya (66ANZ2UC56)";
				GCC_PRECOMPILE_PREFIX_HEADER = YES;
				GCC_PREFIX_HEADER = "App Store/App Store-Prefix.pch";
				INFOPLIST_FILE = "App Store/App Store-Info.plist";
				PRODUCT_NAME = "$(TARGET_NAME)";
				WRAPPER_EXTENSION = app;
			};
			name = Debug;
		};
		B7A4D25F188FC00B00FD0941 /* Release */ = {
			isa = XCBuildConfiguration;
			buildSettings = {
				ASSETCATALOG_COMPILER_APPICON_NAME = AppIcon;
				ASSETCATALOG_COMPILER_LAUNCHIMAGE_NAME = LaunchImage;
				GCC_PRECOMPILE_PREFIX_HEADER = YES;
				GCC_PREFIX_HEADER = "App Store/App Store-Prefix.pch";
				INFOPLIST_FILE = "App Store/App Store-Info.plist";
				PRODUCT_NAME = "$(TARGET_NAME)";
				WRAPPER_EXTENSION = app;
			};
			name = Release;
		};
		B7A4D261188FC00B00FD0941 /* Debug */ = {
			isa = XCBuildConfiguration;
			buildSettings = {
				ARCHS = "$(ARCHS_STANDARD_INCLUDING_64_BIT)";
				BUNDLE_LOADER = "$(BUILT_PRODUCTS_DIR)/App Store.app/App Store";
				FRAMEWORK_SEARCH_PATHS = (
					"$(SDKROOT)/Developer/Library/Frameworks",
					"$(inherited)",
					"$(DEVELOPER_FRAMEWORKS_DIR)",
				);
				GCC_PRECOMPILE_PREFIX_HEADER = YES;
				GCC_PREFIX_HEADER = "App Store/App Store-Prefix.pch";
				GCC_PREPROCESSOR_DEFINITIONS = (
					"DEBUG=1",
					"$(inherited)",
				);
				INFOPLIST_FILE = "App StoreTests/App StoreTests-Info.plist";
				PRODUCT_NAME = "$(TARGET_NAME)";
				TEST_HOST = "$(BUNDLE_LOADER)";
				WRAPPER_EXTENSION = xctest;
			};
			name = Debug;
		};
		B7A4D262188FC00B00FD0941 /* Release */ = {
			isa = XCBuildConfiguration;
			buildSettings = {
				ARCHS = "$(ARCHS_STANDARD_INCLUDING_64_BIT)";
				BUNDLE_LOADER = "$(BUILT_PRODUCTS_DIR)/App Store.app/App Store";
				FRAMEWORK_SEARCH_PATHS = (
					"$(SDKROOT)/Developer/Library/Frameworks",
					"$(inherited)",
					"$(DEVELOPER_FRAMEWORKS_DIR)",
				);
				GCC_PRECOMPILE_PREFIX_HEADER = YES;
				GCC_PREFIX_HEADER = "App Store/App Store-Prefix.pch";
				INFOPLIST_FILE = "App StoreTests/App StoreTests-Info.plist";
				PRODUCT_NAME = "$(TARGET_NAME)";
				TEST_HOST = "$(BUNDLE_LOADER)";
				WRAPPER_EXTENSION = xctest;
			};
			name = Release;
		};
/* End XCBuildConfiguration section */

/* Begin XCConfigurationList section */
		B7A4D223188FC00A00FD0941 /* Build configuration list for PBXProject "App Store" */ = {
			isa = XCConfigurationList;
			buildConfigurations = (
				B7A4D25B188FC00B00FD0941 /* Debug */,
				B7A4D25C188FC00B00FD0941 /* Release */,
			);
			defaultConfigurationIsVisible = 0;
			defaultConfigurationName = Release;
		};
		B7A4D25D188FC00B00FD0941 /* Build configuration list for PBXNativeTarget "App Store" */ = {
			isa = XCConfigurationList;
			buildConfigurations = (
				B7A4D25E188FC00B00FD0941 /* Debug */,
				B7A4D25F188FC00B00FD0941 /* Release */,
			);
			defaultConfigurationIsVisible = 0;
			defaultConfigurationName = Release;
		};
		B7A4D260188FC00B00FD0941 /* Build configuration list for PBXNativeTarget "App StoreTests" */ = {
			isa = XCConfigurationList;
			buildConfigurations = (
				B7A4D261188FC00B00FD0941 /* Debug */,
				B7A4D262188FC00B00FD0941 /* Release */,
			);
			defaultConfigurationIsVisible = 0;
			defaultConfigurationName = Release;
		};
/* End XCConfigurationList section */
	};
	rootObject = B7A4D220188FC00A00FD0941 /* Project object */;
}
